{
    "_meta": {
        "hash": {
            "sha256": "7abef69d877f78b576526c8ce7a6db7a9c905e133593ae5e12dd3b5a4fcbd2e8"
        },
        "pipfile-spec": 6,
        "requires": {
            "python_version": "3.7"
        },
        "sources": [
            {
                "name": "pypi",
                "url": "https://pypi.org/simple",
                "verify_ssl": true
            }
        ]
    },
    "default": {
        "css-html-js-minify": {
            "hashes": [
                "sha256:3da9d35ac0db8ca648c1b543e0e801d7ca0bab9e6bfd8418fee59d5ae001727a",
                "sha256:4a9f11f7e0496f5284d12111f3ba4ff5ff2023d12f15d195c9c48bd97013746c"
            ],
            "index": "pypi",
            "version": "==2.5.5"
        }
    },
    "develop": {}
}
